
Microsoft Visual Studio Solution File, Format Version 12.00
# Visual Studio Version 17
VisualStudioVersion = 17.6.33829.357
MinimumVisualStudioVersion = 10.0.40219.1
Project("{9A19103F-16F7-4668-BE54-9A1E7A4F7556}") = "RandomAPI", "RandomAPI.csproj", "{D6310EA3-9196-4E8E-9A72-C0748AF6D929}"
EndProject
Global
	GlobalSection(SolutionConfigurationPlatforms) = preSolution
		Debug|Any CPU = Debug|Any CPU
		Release|Any CPU = Release|Any CPU
	EndGlobalSection
	GlobalSection(ProjectConfigurationPlatforms) = postSolution
		{D6310EA3-9196-4E8E-9A72-C0748AF6D929}.Debug|Any CPU.ActiveCfg = Debug|Any CPU
		{D6310EA3-9196-4E8E-9A72-C0748AF6D929}.Debug|Any CPU.Build.0 = Debug|Any CPU
		{D6310EA3-9196-4E8E-9A72-C0748AF6D929}.Release|Any CPU.ActiveCfg = Release|Any CPU
		{D6310EA3-9196-4E8E-9A72-C0748AF6D929}.Release|Any CPU.Build.0 = Release|Any CPU
	EndGlobalSection
	GlobalSection(SolutionProperties) = preSolution
		HideSolutionNode = FALSE
	EndGlobalSection
	GlobalSection(ExtensibilityGlobals) = postSolution
		SolutionGuid = {99D71833-4FF8-4722-8C9A-9F7B982B9A3C}
	EndGlobalSection
EndGlobal
